// !$*UTF8*$!
{
	archiveVersion = 1;
	classes = {
	};
	objectVersion = 46;
	objects = {

/* Begin PBXBuildFile section */
		74F4C87018DF3A6E0033479E /* Foundation.framework in Frameworks */ = {isa = PBXBuildFile; fileRef = 74F4C86F18DF3A6E0033479E /* Foundation.framework */; };
		74F4C87218DF3A6E0033479E /* CoreGraphics.framework in Frameworks */ = {isa = PBXBuildFile; fileRef = 74F4C87118DF3A6E0033479E /* CoreGraphics.framework */; };
		74F4C87418DF3A6E0033479E /* UIKit.framework in Frameworks */ = {isa = PBXBuildFile; fileRef = 74F4C87318DF3A6E0033479E /* UIKit.framework */; };
		74F4C87A18DF3A6E0033479E /* InfoPlist.strings in Resources */ = {isa = PBXBuildFile; fileRef = 74F4C87818DF3A6E0033479E /* InfoPlist.strings */; };
		74F4C87C18DF3A6E0033479E /* main.m in Sources */ = {isa = PBXBuildFile; fileRef = 74F4C87B18DF3A6E0033479E /* main.m */; };
		74F4C88018DF3A6E0033479E /* MainAppDelegate.m in Sources */ = {isa = PBXBuildFile; fileRef = 74F4C87F18DF3A6E0033479E /* MainAppDelegate.m */; };
		74F4C88318DF3A6E0033479E /* Main.storyboard in Resources */ = {isa = PBXBuildFile; fileRef = 74F4C88118DF3A6E0033479E /* Main.storyboard */; };
		74F4C88618DF3A6E0033479E /* MainViewController.m in Sources */ = {isa = PBXBuildFile; fileRef = 74F4C88518DF3A6E0033479E /* MainViewController.m */; };
		74F4C88818DF3A6E0033479E /* Images.xcassets in Resources */ = {isa = PBXBuildFile; fileRef = 74F4C88718DF3A6E0033479E /* Images.xcassets */; };
		74F4C88F18DF3A6E0033479E /* XCTest.framework in Frameworks */ = {isa = PBXBuildFile; fileRef = 74F4C88E18DF3A6E0033479E /* XCTest.framework */; };
		74F4C89018DF3A6E0033479E /* Foundation.framework in Frameworks */ = {isa = PBXBuildFile; fileRef = 74F4C86F18DF3A6E0033479E /* Foundation.framework */; };
		74F4C89118DF3A6E0033479E /* UIKit.framework in Frameworks */ = {isa = PBXBuildFile; fileRef = 74F4C87318DF3A6E0033479E /* UIKit.framework */; };
		74F4C89918DF3A6E0033479E /* InfoPlist.strings in Resources */ = {isa = PBXBuildFile; fileRef = 74F4C89718DF3A6E0033479E /* InfoPlist.strings */; };
		74F4C89B18DF3A6E0033479E /* FlipFlipTests.m in Sources */ = {isa = PBXBuildFile; fileRef = 74F4C89A18DF3A6E0033479E /* FlipFlipTests.m */; };
/* End PBXBuildFile section */

/* Begin PBXContainerItemProxy section */
		74F4C89218DF3A6E0033479E /* PBXContainerItemProxy */ = {
			isa = PBXContainerItemProxy;
			containerPortal = 74F4C86418DF3A6E0033479E /* Project object */;
			proxyType = 1;
			remoteGlobalIDString = 74F4C86B18DF3A6E0033479E;
			remoteInfo = FlipFlip;
		};
/* End PBXContainerItemProxy section */

/* Begin PBXFileReference section */
		74F4C86C18DF3A6E0033479E /* FlipFlip.app */ = {isa = PBXFileReference; explicitFileType = wrapper.application; includeInIndex = 0; path = FlipFlip.app; sourceTree = BUILT_PRODUCTS_DIR; };
		74F4C86F18DF3A6E0033479E /* Foundation.framework */ = {isa = PBXFileReference; lastKnownFileType = wrapper.framework; name = Foundation.framework; path = System/Library/Frameworks/Foundation.framework; sourceTree = SDKROOT; };
		74F4C87118DF3A6E0033479E /* CoreGraphics.framework */ = {isa = PBXFileReference; lastKnownFileType = wrapper.framework; name = CoreGraphics.framework; path = System/Library/Frameworks/CoreGraphics.framework; sourceTree = SDKROOT; };
		74F4C87318DF3A6E0033479E /* UIKit.framework */ = {isa = PBXFileReference; lastKnownFileType = wrapper.framework; name = UIKit.framework; path = System/Library/Frameworks/UIKit.framework; sourceTree = SDKROOT; };
		74F4C87718DF3A6E0033479E /* FlipFlip-Info.plist */ = {isa = PBXFileReference; lastKnownFileType = text.plist.xml; path = "FlipFlip-Info.plist"; sourceTree = "<group>"; };
		74F4C87918DF3A6E0033479E /* en */ = {isa = PBXFileReference; lastKnownFileType = text.plist.strings; name = en; path = en.lproj/InfoPlist.strings; sourceTree = "<group>"; };
		74F4C87B18DF3A6E0033479E /* main.m */ = {isa = PBXFileReference; lastKnownFileType = sourcecode.c.objc; path = main.m; sourceTree = "<group>"; };
		74F4C87D18DF3A6E0033479E /* FlipFlip-Prefix.pch */ = {isa = PBXFileReference; lastKnownFileType = sourcecode.c.h; path = "FlipFlip-Prefix.pch"; sourceTree = "<group>"; };
		74F4C87E18DF3A6E0033479E /* MainAppDelegate.h */ = {isa = PBXFileReference; lastKnownFileType = sourcecode.c.h; path = MainAppDelegate.h; sourceTree = "<group>"; };
		74F4C87F18DF3A6E0033479E /* MainAppDelegate.m */ = {isa = PBXFileReference; lastKnownFileType = sourcecode.c.objc; path = MainAppDelegate.m; sourceTree = "<group>"; };
		74F4C88218DF3A6E0033479E /* Base */ = {isa = PBXFileReference; lastKnownFileType = file.storyboard; name = Base; path = Base.lproj/Main.storyboard; sourceTree = "<group>"; };
		74F4C88418DF3A6E0033479E /* MainViewController.h */ = {isa = PBXFileReference; lastKnownFileType = sourcecode.c.h; path = MainViewController.h; sourceTree = "<group>"; };
		74F4C88518DF3A6E0033479E /* MainViewController.m */ = {isa = PBXFileReference; lastKnownFileType = sourcecode.c.objc; path = MainViewController.m; sourceTree = "<group>"; };
		74F4C88718DF3A6E0033479E /* Images.xcassets */ = {isa = PBXFileReference; lastKnownFileType = folder.assetcatalog; path = Images.xcassets; sourceTree = "<group>"; };
		74F4C88D18DF3A6E0033479E /* FlipFlipTests.xctest */ = {isa = PBXFileReference; explicitFileType = wrapper.cfbundle; includeInIndex = 0; path = FlipFlipTests.xctest; sourceTree = BUILT_PRODUCTS_DIR; };
		74F4C88E18DF3A6E0033479E /* XCTest.framework */ = {isa = PBXFileReference; lastKnownFileType = wrapper.framework; name = XCTest.framework; path = Library/Frameworks/XCTest.framework; sourceTree = DEVELOPER_DIR; };
		74F4C89618DF3A6E0033479E /* FlipFlipTests-Info.plist */ = {isa = PBXFileReference; lastKnownFileType = text.plist.xml; path = "FlipFlipTests-Info.plist"; sourceTree = "<group>"; };
		74F4C89818DF3A6E0033479E /* en */ = {isa = PBXFileReference; lastKnownFileType = text.plist.strings; name = en; path = en.lproj/InfoPlist.strings; sourceTree = "<group>"; };
		74F4C89A18DF3A6E0033479E /* FlipFlipTests.m */ = {isa = PBXFileReference; lastKnownFileType = sourcecode.c.objc; path = FlipFlipTests.m; sourceTree = "<group>"; };
/* End PBXFileReference section */

/* Begin PBXFrameworksBuildPhase section */
		74F4C86918DF3A6E0033479E /* Frameworks */ = {
			isa = PBXFrameworksBuildPhase;
			buildActionMask = 2147483647;
			files = (
				74F4C87218DF3A6E0033479E /* CoreGraphics.framework in Frameworks */,
				74F4C87418DF3A6E0033479E /* UIKit.framework in Frameworks */,
				74F4C87018DF3A6E0033479E /* Foundation.framework in Frameworks */,
			);
			runOnlyForDeploymentPostprocessing = 0;
		};
		74F4C88A18DF3A6E0033479E /* Frameworks */ = {
			isa = PBXFrameworksBuildPhase;
			buildActionMask = 2147483647;
			files = (
				74F4C88F18DF3A6E0033479E /* XCTest.framework in Frameworks */,
				74F4C89118DF3A6E0033479E /* UIKit.framework in Frameworks */,
				74F4C89018DF3A6E0033479E /* Foundation.framework in Frameworks */,
			);
			runOnlyForDeploymentPostprocessing = 0;
		};
/* End PBXFrameworksBuildPhase section */

/* Begin PBXGroup section */
		74F4C86318DF3A6E0033479E = {
			isa = PBXGroup;
			children = (
				74F4C87518DF3A6E0033479E /* FlipFlip */,
				74F4C89418DF3A6E0033479E /* FlipFlipTests */,
				74F4C86E18DF3A6E0033479E /* Frameworks */,
				74F4C86D18DF3A6E0033479E /* Products */,
			);
			sourceTree = "<group>";
		};
		74F4C86D18DF3A6E0033479E /* Products */ = {
			isa = PBXGroup;
			children = (
				74F4C86C18DF3A6E0033479E /* FlipFlip.app */,
				74F4C88D18DF3A6E0033479E /* FlipFlipTests.xctest */,
			);
			name = Products;
			sourceTree = "<group>";
		};
		74F4C86E18DF3A6E0033479E /* Frameworks */ = {
			isa = PBXGroup;
			children = (
				74F4C86F18DF3A6E0033479E /* Foundation.framework */,
				74F4C87118DF3A6E0033479E /* CoreGraphics.framework */,
				74F4C87318DF3A6E0033479E /* UIKit.framework */,
				74F4C88E18DF3A6E0033479E /* XCTest.framework */,
			);
			name = Frameworks;
			sourceTree = "<group>";
		};
		74F4C87518DF3A6E0033479E /* FlipFlip */ = {
			isa = PBXGroup;
			children = (
				74F4C87E18DF3A6E0033479E /* MainAppDelegate.h */,
				74F4C87F18DF3A6E0033479E /* MainAppDelegate.m */,
				74F4C88118DF3A6E0033479E /* Main.storyboard */,
				74F4C88418DF3A6E0033479E /* MainViewController.h */,
				74F4C88518DF3A6E0033479E /* MainViewController.m */,
				74F4C88718DF3A6E0033479E /* Images.xcassets */,
				74F4C87618DF3A6E0033479E /* Supporting Files */,
			);
			path = FlipFlip;
			sourceTree = "<group>";
		};
		74F4C87618DF3A6E0033479E /* Supporting Files */ = {
			isa = PBXGroup;
			children = (
				74F4C87718DF3A6E0033479E /* FlipFlip-Info.plist */,
				74F4C87818DF3A6E0033479E /* InfoPlist.strings */,
				74F4C87B18DF3A6E0033479E /* main.m */,
				74F4C87D18DF3A6E0033479E /* FlipFlip-Prefix.pch */,
			);
			name = "Supporting Files";
			sourceTree = "<group>";
		};
		74F4C89418DF3A6E0033479E /* FlipFlipTests */ = {
			isa = PBXGroup;
			children = (
				74F4C89A18DF3A6E0033479E /* FlipFlipTests.m */,
				74F4C89518DF3A6E0033479E /* Supporting Files */,
			);
			path = FlipFlipTests;
			sourceTree = "<group>";
		};
		74F4C89518DF3A6E0033479E /* Supporting Files */ = {
			isa = PBXGroup;
			children = (
				74F4C89618DF3A6E0033479E /* FlipFlipTests-Info.plist */,
				74F4C89718DF3A6E0033479E /* InfoPlist.strings */,
			);
			name = "Supporting Files";
			sourceTree = "<group>";
		};
/* End PBXGroup section */

/* Begin PBXNativeTarget section */
		74F4C86B18DF3A6E0033479E /* FlipFlip */ = {
			isa = PBXNativeTarget;
			buildConfigurationList = 74F4C89E18DF3A6E0033479E /* Build configuration list for PBXNativeTarget "FlipFlip" */;
			buildPhases = (
				74F4C86818DF3A6E0033479E /* Sources */,
				74F4C86918DF3A6E0033479E /* Frameworks */,
				74F4C86A18DF3A6E0033479E /* Resources */,
			);
			buildRules = (
			);
			dependencies = (
			);
			name = FlipFlip;
			productName = FlipFlip;
			productReference = 74F4C86C18DF3A6E0033479E /* FlipFlip.app */;
			productType = "com.apple.product-type.application";
		};
		74F4C88C18DF3A6E0033479E /* FlipFlipTests */ = {
			isa = PBXNativeTarget;
			buildConfigurationList = 74F4C8A118DF3A6E0033479E /* Build configuration list for PBXNativeTarget "FlipFlipTests" */;
			buildPhases = (
				74F4C88918DF3A6E0033479E /* Sources */,
				74F4C88A18DF3A6E0033479E /* Frameworks */,
				74F4C88B18DF3A6E0033479E /* Resources */,
			);
			buildRules = (
			);
			dependencies = (
				74F4C89318DF3A6E0033479E /* PBXTargetDependency */,
			);
			name = FlipFlipTests;
			productName = FlipFlipTests;
			productReference = 74F4C88D18DF3A6E0033479E /* FlipFlipTests.xctest */;
			productType = "com.apple.product-type.bundle.unit-test";
		};
/* End PBXNativeTarget section */

/* Begin PBXProject section */
		74F4C86418DF3A6E0033479E /* Project object */ = {
			isa = PBXProject;
			attributes = {
				CLASSPREFIX = Main;
				LastUpgradeCheck = 0510;
				ORGANIZATIONNAME = "Saviour Mifsud";
				TargetAttributes = {
					74F4C88C18DF3A6E0033479E = {
						TestTargetID = 74F4C86B18DF3A6E0033479E;
					};
				};
			};
			buildConfigurationList = 74F4C86718DF3A6E0033479E /* Build configuration list for PBXProject "FlipFlip" */;
			compatibilityVersion = "Xcode 3.2";
			developmentRegion = English;
			hasScannedForEncodings = 0;
			knownRegions = (
				en,
				Base,
			);
			mainGroup = 74F4C86318DF3A6E0033479E;
			productRefGroup = 74F4C86D18DF3A6E0033479E /* Products */;
			projectDirPath = "";
			projectRoot = "";
			targets = (
				74F4C86B18DF3A6E0033479E /* FlipFlip */,
				74F4C88C18DF3A6E0033479E /* FlipFlipTests */,
			);
		};
/* End PBXProject section */

/* Begin PBXResourcesBuildPhase section */
		74F4C86A18DF3A6E0033479E /* Resources */ = {
			isa = PBXResourcesBuildPhase;
			buildActionMask = 2147483647;
			files = (
				74F4C88818DF3A6E0033479E /* Images.xcassets in Resources */,
				74F4C87A18DF3A6E0033479E /* InfoPlist.strings in Resources */,
				74F4C88318DF3A6E0033479E /* Main.storyboard in Resources */,
			);
			runOnlyForDeploymentPostprocessing = 0;
		};
		74F4C88B18DF3A6E0033479E /* Resources */ = {
			isa = PBXResourcesBuildPhase;
			buildActionMask = 2147483647;
			files = (
				74F4C89918DF3A6E0033479E /* InfoPlist.strings in Resources */,
			);
			runOnlyForDeploymentPostprocessing = 0;
		};
/* End PBXResourcesBuildPhase section */

/* Begin PBXSourcesBuildPhase section */
		74F4C86818DF3A6E0033479E /* Sources */ = {
			isa = PBXSourcesBuildPhase;
			buildActionMask = 2147483647;
			files = (
				74F4C87C18DF3A6E0033479E /* main.m in Sources */,
				74F4C88618DF3A6E0033479E /* MainViewController.m in Sources */,
				74F4C88018DF3A6E0033479E /* MainAppDelegate.m in Sources */,
			);
			runOnlyForDeploymentPostprocessing = 0;
		};
		74F4C88918DF3A6E0033479E /* Sources */ = {
			isa = PBXSourcesBuildPhase;
			buildActionMask = 2147483647;
			files = (
				74F4C89B18DF3A6E0033479E /* FlipFlipTests.m in Sources */,
			);
			runOnlyForDeploymentPostprocessing = 0;
		};
/* End PBXSourcesBuildPhase section */

/* Begin PBXTargetDependency section */
		74F4C89318DF3A6E0033479E /* PBXTargetDependency */ = {
			isa = PBXTargetDependency;
			target = 74F4C86B18DF3A6E0033479E /* FlipFlip */;
			targetProxy = 74F4C89218DF3A6E0033479E /* PBXContainerItemProxy */;
		};
/* End PBXTargetDependency section */

/* Begin PBXVariantGroup section */
		74F4C87818DF3A6E0033479E /* InfoPlist.strings */ = {
			isa = PBXVariantGroup;
			children = (
				74F4C87918DF3A6E0033479E /* en */,
			);
			name = InfoPlist.strings;
			sourceTree = "<group>";
		};
		74F4C88118DF3A6E0033479E /* Main.storyboard */ = {
			isa = PBXVariantGroup;
			children = (
				74F4C88218DF3A6E0033479E /* Base */,
			);
			name = Main.storyboard;
			sourceTree = "<group>";
		};
		74F4C89718DF3A6E0033479E /* InfoPlist.strings */ = {
			isa = PBXVariantGroup;
			children = (
				74F4C89818DF3A6E0033479E /* en */,
			);
			name = InfoPlist.strings;
			sourceTree = "<group>";
		};
/* End PBXVariantGroup section */

/* Begin XCBuildConfiguration section */
		74F4C89C18DF3A6E0033479E /* Debug */ = {
			isa = XCBuildConfiguration;
			buildSettings = {
				ALWAYS_SEARCH_USER_PATHS = NO;
				CLANG_CXX_LANGUAGE_STANDARD = "gnu++0x";
				CLANG_CXX_LIBRARY = "libc++";
				CLANG_ENABLE_MODULES = YES;
				CLANG_ENABLE_OBJC_ARC = YES;
				CLANG_WARN_BOOL_CONVERSION = YES;
				CLANG_WARN_CONSTANT_CONVERSION = YES;
				CLANG_WARN_DIRECT_OBJC_ISA_USAGE = YES_ERROR;
				CLANG_WARN_EMPTY_BODY = YES;
				CLANG_WARN_ENUM_CONVERSION = YES;
				CLANG_WARN_INT_CONVERSION = YES;
				CLANG_WARN_OBJC_ROOT_CLASS = YES_ERROR;
				CLANG_WARN__DUPLICATE_METHOD_MATCH = YES;
				"CODE_SIGN_IDENTITY[sdk=iphoneos*]" = "iPhone Developer";
				COPY_PHASE_STRIP = NO;
				GCC_C_LANGUAGE_STANDARD = gnu99;
				GCC_DYNAMIC_NO_PIC = NO;
				GCC_OPTIMIZATION_LEVEL = 0;
				GCC_PREPROCESSOR_DEFINITIONS = (
					"DEBUG=1",
					"$(inherited)",
				);
				GCC_SYMBOLS_PRIVATE_EXTERN = NO;
				GCC_WARN_64_TO_32_BIT_CONVERSION = YES;
				GCC_WARN_ABOUT_RETURN_TYPE = YES_ERROR;
				GCC_WARN_UNDECLARED_SELECTOR = YES;
				GCC_WARN_UNINITIALIZED_AUTOS = YES_AGGRESSIVE;
				GCC_WARN_UNUSED_FUNCTION = YES;
				GCC_WARN_UNUSED_VARIABLE = YES;
				IPHONEOS_DEPLOYMENT_TARGET = 7.1;
				ONLY_ACTIVE_ARCH = YES;
				SDKROOT = iphoneos;
			};
			name = Debug;
		};
		74F4C89D18DF3A6E0033479E /* Release */ = {
			isa = XCBuildConfiguration;
			buildSettings = {
				ALWAYS_SEARCH_USER_PATHS = NO;
				CLANG_CXX_LANGUAGE_STANDARD = "gnu++0x";
				CLANG_CXX_LIBRARY = "libc++";
				CLANG_ENABLE_MODULES = YES;
				CLANG_ENABLE_OBJC_ARC = YES;
				CLANG_WARN_BOOL_CONVERSION = YES;
				CLANG_WARN_CONSTANT_CONVERSION = YES;
				CLANG_WARN_DIRECT_OBJC_ISA_USAGE = YES_ERROR;
				CLANG_WARN_EMPTY_BODY = YES;
				CLANG_WARN_ENUM_CONVERSION = YES;
				CLANG_WARN_INT_CONVERSION = YES;
				CLANG_WARN_OBJC_ROOT_CLASS = YES_ERROR;
				CLANG_WARN__DUPLICATE_METHOD_MATCH = YES;
				"CODE_SIGN_IDENTITY[sdk=iphoneos*]" = "iPhone Developer";
				COPY_PHASE_STRIP = YES;
				ENABLE_NS_ASSERTIONS = NO;
				GCC_C_LANGUAGE_STANDARD = gnu99;
				GCC_WARN_64_TO_32_BIT_CONVERSION = YES;
				GCC_WARN_ABOUT_RETURN_TYPE = YES_ERROR;
				GCC_WARN_UNDECLARED_SELECTOR = YES;
				GCC_WARN_UNINITIALIZED_AUTOS = YES_AGGRESSIVE;
				GCC_WARN_UNUSED_FUNCTION = YES;
				GCC_WARN_UNUSED_VARIABLE = YES;
				IPHONEOS_DEPLOYMENT_TARGET = 7.1;
				SDKROOT = iphoneos;
				VALIDATE_PRODUCT = YES;
			};
			name = Release;
		};
		74F4C89F18DF3A6E0033479E /* Debug */ = {
			isa = XCBuildConfiguration;
			buildSettings = {
				ASSETCATALOG_COMPILER_APPICON_NAME = AppIcon;
				ASSETCATALOG_COMPILER_LAUNCHIMAGE_NAME = LaunchImage;
				GCC_PRECOMPILE_PREFIX_HEADER = YES;
				GCC_PREFIX_HEADER = "FlipFlip/FlipFlip-Prefix.pch";
				INFOPLIST_FILE = "FlipFlip/FlipFlip-Info.plist";
				PRODUCT_NAME = "$(TARGET_NAME)";
				WRAPPER_EXTENSION = app;
			};
			name = Debug;
		};
		74F4C8A018DF3A6E0033479E /* Release */ = {
			isa = XCBuildConfiguration;
			buildSettings = {
				ASSETCATALOG_COMPILER_APPICON_NAME = AppIcon;
				ASSETCATALOG_COMPILER_LAUNCHIMAGE_NAME = LaunchImage;
				GCC_PRECOMPILE_PREFIX_HEADER = YES;
				GCC_PREFIX_HEADER = "FlipFlip/FlipFlip-Prefix.pch";
				INFOPLIST_FILE = "FlipFlip/FlipFlip-Info.plist";
				PRODUCT_NAME = "$(TARGET_NAME)";
				WRAPPER_EXTENSION = app;
			};
			name = Release;
		};
		74F4C8A218DF3A6E0033479E /* Debug */ = {
			isa = XCBuildConfiguration;
			buildSettings = {
				BUNDLE_LOADER = "$(BUILT_PRODUCTS_DIR)/FlipFlip.app/FlipFlip";
				FRAMEWORK_SEARCH_PATHS = (
					"$(SDKROOT)/Developer/Library/Frameworks",
					"$(inherited)",
					"$(DEVELOPER_FRAMEWORKS_DIR)",
				);
				GCC_PRECOMPILE_PREFIX_HEADER = YES;
				GCC_PREFIX_HEADER = "FlipFlip/FlipFlip-Prefix.pch";
				GCC_PREPROCESSOR_DEFINITIONS = (
					"DEBUG=1",
					"$(inherited)",
				);
				INFOPLIST_FILE = "FlipFlipTests/FlipFlipTests-Info.plist";
				PRODUCT_NAME = "$(TARGET_NAME)";
				TEST_HOST = "$(BUNDLE_LOADER)";
				WRAPPER_EXTENSION = xctest;
			};
			name = Debug;
		};
		74F4C8A318DF3A6E0033479E /* Release */ = {
			isa = XCBuildConfiguration;
			buildSettings = {
				BUNDLE_LOADER = "$(BUILT_PRODUCTS_DIR)/FlipFlip.app/FlipFlip";
				FRAMEWORK_SEARCH_PATHS = (
					"$(SDKROOT)/Developer/Library/Frameworks",
					"$(inherited)",
					"$(DEVELOPER_FRAMEWORKS_DIR)",
				);
				GCC_PRECOMPILE_PREFIX_HEADER = YES;
				GCC_PREFIX_HEADER = "FlipFlip/FlipFlip-Prefix.pch";
				INFOPLIST_FILE = "FlipFlipTests/FlipFlipTests-Info.plist";
				PRODUCT_NAME = "$(TARGET_NAME)";
				TEST_HOST = "$(BUNDLE_LOADER)";
				WRAPPER_EXTENSION = xctest;
			};
			name = Release;
		};
/* End XCBuildConfiguration section */

/* Begin XCConfigurationList section */
		74F4C86718DF3A6E0033479E /* Build configuration list for PBXProject "FlipFlip" */ = {
			isa = XCConfigurationList;
			buildConfigurations = (
				74F4C89C18DF3A6E0033479E /* Debug */,
				74F4C89D18DF3A6E0033479E /* Release */,
			);
			defaultConfigurationIsVisible = 0;
			defaultConfigurationName = Release;
		};
		74F4C89E18DF3A6E0033479E /* Build configuration list for PBXNativeTarget "FlipFlip" */ = {
			isa = XCConfigurationList;
			buildConfigurations = (
				74F4C89F18DF3A6E0033479E /* Debug */,
				74F4C8A018DF3A6E0033479E /* Release */,
			);
			defaultConfigurationIsVisible = 0;
		};
		74F4C8A118DF3A6E0033479E /* Build configuration list for PBXNativeTarget "FlipFlipTests" */ = {
			isa = XCConfigurationList;
			buildConfigurations = (
				74F4C8A218DF3A6E0033479E /* Debug */,
				74F4C8A318DF3A6E0033479E /* Release */,
			);
			defaultConfigurationIsVisible = 0;
		};
/* End XCConfigurationList section */
	};
	rootObject = 74F4C86418DF3A6E0033479E /* Project object */;
}
